// !$*UTF8*$!
{
	archiveVersion = 1;
	classes = {
	};
	objectVersion = 46;
	objects = {

/* Begin PBXBuildFile section */
		CEE42B4E1DB9849500A042E0 /* AppDelegate.swift in Sources */ = {isa = PBXBuildFile; fileRef = CEE42B4D1DB9849500A042E0 /* AppDelegate.swift */; };
		CEE42B501DB9849500A042E0 /* LoginVC.swift in Sources */ = {isa = PBXBuildFile; fileRef = CEE42B4F1DB9849500A042E0 /* LoginVC.swift */; };
		CEE42B531DB9849500A042E0 /* Main.storyboard in Resources */ = {isa = PBXBuildFile; fileRef = CEE42B511DB9849500A042E0 /* Main.storyboard */; };
		CEE42B551DB9849500A042E0 /* Assets.xcassets in Resources */ = {isa = PBXBuildFile; fileRef = CEE42B541DB9849500A042E0 /* Assets.xcassets */; };
		CEE42B581DB9849500A042E0 /* LaunchScreen.storyboard in Resources */ = {isa = PBXBuildFile; fileRef = CEE42B561DB9849500A042E0 /* LaunchScreen.storyboard */; };
		CEE42B601DB984C800A042E0 /* GoogleService-Info.plist in Resources */ = {isa = PBXBuildFile; fileRef = CEE42B5F1DB984C800A042E0 /* GoogleService-Info.plist */; };
		CEE42B621DBA5A4800A042E0 /* VehicleDetailVC.swift in Sources */ = {isa = PBXBuildFile; fileRef = CEE42B611DBA5A4800A042E0 /* VehicleDetailVC.swift */; };
		CEE42B691DBA8CFC00A042E0 /* NewCustomerVC.swift in Sources */ = {isa = PBXBuildFile; fileRef = CEE42B681DBA8CFC00A042E0 /* NewCustomerVC.swift */; };
		CEE42B6B1DBA91A500A042E0 /* Constants.swift in Sources */ = {isa = PBXBuildFile; fileRef = CEE42B6A1DBA91A500A042E0 /* Constants.swift */; };
		CEE492F21DBB9DAF00D310B3 /* Utilities.swift in Sources */ = {isa = PBXBuildFile; fileRef = CEE492F11DBB9DAF00D310B3 /* Utilities.swift */; };
		CEE492F41DBBA4B900D310B3 /* DataService.swift in Sources */ = {isa = PBXBuildFile; fileRef = CEE492F31DBBA4B900D310B3 /* DataService.swift */; };
		FA324B7AA62F2E4550508AF7 /* Pods_TMCDataCenter.framework in Frameworks */ = {isa = PBXBuildFile; fileRef = 7DB6411C6B15BB04280ECBAC /* Pods_TMCDataCenter.framework */; };
/* End PBXBuildFile section */

/* Begin PBXFileReference section */
		13D0B68807843209D503F871 /* Pods-TMCDataCenter.debug.xcconfig */ = {isa = PBXFileReference; includeInIndex = 1; lastKnownFileType = text.xcconfig; name = "Pods-TMCDataCenter.debug.xcconfig"; path = "Pods/Target Support Files/Pods-TMCDataCenter/Pods-TMCDataCenter.debug.xcconfig"; sourceTree = "<group>"; };
		7DB6411C6B15BB04280ECBAC /* Pods_TMCDataCenter.framework */ = {isa = PBXFileReference; explicitFileType = wrapper.framework; includeInIndex = 0; path = Pods_TMCDataCenter.framework; sourceTree = BUILT_PRODUCTS_DIR; };
		C45F56DCB7BCB76F581DC508 /* Pods-TMCDataCenter.release.xcconfig */ = {isa = PBXFileReference; includeInIndex = 1; lastKnownFileType = text.xcconfig; name = "Pods-TMCDataCenter.release.xcconfig"; path = "Pods/Target Support Files/Pods-TMCDataCenter/Pods-TMCDataCenter.release.xcconfig"; sourceTree = "<group>"; };
		CEE42B4A1DB9849500A042E0 /* TMCDataCenter.app */ = {isa = PBXFileReference; explicitFileType = wrapper.application; includeInIndex = 0; path = TMCDataCenter.app; sourceTree = BUILT_PRODUCTS_DIR; };
		CEE42B4D1DB9849500A042E0 /* AppDelegate.swift */ = {isa = PBXFileReference; lastKnownFileType = sourcecode.swift; path = AppDelegate.swift; sourceTree = "<group>"; };
		CEE42B4F1DB9849500A042E0 /* LoginVC.swift */ = {isa = PBXFileReference; lastKnownFileType = sourcecode.swift; path = LoginVC.swift; sourceTree = "<group>"; };
		CEE42B521DB9849500A042E0 /* Base */ = {isa = PBXFileReference; lastKnownFileType = file.storyboard; name = Base; path = Base.lproj/Main.storyboard; sourceTree = "<group>"; };
		CEE42B541DB9849500A042E0 /* Assets.xcassets */ = {isa = PBXFileReference; lastKnownFileType = folder.assetcatalog; path = Assets.xcassets; sourceTree = "<group>"; };
		CEE42B571DB9849500A042E0 /* Base */ = {isa = PBXFileReference; lastKnownFileType = file.storyboard; name = Base; path = Base.lproj/LaunchScreen.storyboard; sourceTree = "<group>"; };
		CEE42B591DB9849500A042E0 /* Info.plist */ = {isa = PBXFileReference; lastKnownFileType = text.plist.xml; path = Info.plist; sourceTree = "<group>"; };
		CEE42B5F1DB984C800A042E0 /* GoogleService-Info.plist */ = {isa = PBXFileReference; fileEncoding = 4; lastKnownFileType = text.plist.xml; path = "GoogleService-Info.plist"; sourceTree = "<group>"; };
		CEE42B611DBA5A4800A042E0 /* VehicleDetailVC.swift */ = {isa = PBXFileReference; fileEncoding = 4; lastKnownFileType = sourcecode.swift; path = VehicleDetailVC.swift; sourceTree = "<group>"; };
		CEE42B681DBA8CFC00A042E0 /* NewCustomerVC.swift */ = {isa = PBXFileReference; fileEncoding = 4; lastKnownFileType = sourcecode.swift; path = NewCustomerVC.swift; sourceTree = "<group>"; };
		CEE42B6A1DBA91A500A042E0 /* Constants.swift */ = {isa = PBXFileReference; fileEncoding = 4; lastKnownFileType = sourcecode.swift; path = Constants.swift; sourceTree = "<group>"; };
		CEE492F11DBB9DAF00D310B3 /* Utilities.swift */ = {isa = PBXFileReference; fileEncoding = 4; lastKnownFileType = sourcecode.swift; path = Utilities.swift; sourceTree = "<group>"; };
		CEE492F31DBBA4B900D310B3 /* DataService.swift */ = {isa = PBXFileReference; fileEncoding = 4; lastKnownFileType = sourcecode.swift; path = DataService.swift; sourceTree = "<group>"; };
/* End PBXFileReference section */

/* Begin PBXFrameworksBuildPhase section */
		CEE42B471DB9849500A042E0 /* Frameworks */ = {
			isa = PBXFrameworksBuildPhase;
			buildActionMask = 2147483647;
			files = (
				FA324B7AA62F2E4550508AF7 /* Pods_TMCDataCenter.framework in Frameworks */,
			);
			runOnlyForDeploymentPostprocessing = 0;
		};
/* End PBXFrameworksBuildPhase section */

/* Begin PBXGroup section */
		46E139DEF5484A20314CD504 /* Pods */ = {
			isa = PBXGroup;
			children = (
				13D0B68807843209D503F871 /* Pods-TMCDataCenter.debug.xcconfig */,
				C45F56DCB7BCB76F581DC508 /* Pods-TMCDataCenter.release.xcconfig */,
			);
			name = Pods;
			sourceTree = "<group>";
		};
		C983CCA52C65C81C6170C7B6 /* Frameworks */ = {
			isa = PBXGroup;
			children = (
				7DB6411C6B15BB04280ECBAC /* Pods_TMCDataCenter.framework */,
			);
			name = Frameworks;
			sourceTree = "<group>";
		};
		CEE42B411DB9849500A042E0 = {
			isa = PBXGroup;
			children = (
				CEE42B4C1DB9849500A042E0 /* TMCDataCenter */,
				CEE42B4B1DB9849500A042E0 /* Products */,
				46E139DEF5484A20314CD504 /* Pods */,
				C983CCA52C65C81C6170C7B6 /* Frameworks */,
			);
			sourceTree = "<group>";
		};
		CEE42B4B1DB9849500A042E0 /* Products */ = {
			isa = PBXGroup;
			children = (
				CEE42B4A1DB9849500A042E0 /* TMCDataCenter.app */,
			);
			name = Products;
			sourceTree = "<group>";
		};
		CEE42B4C1DB9849500A042E0 /* TMCDataCenter */ = {
			isa = PBXGroup;
			children = (
				CEE42B671DBA8C8A00A042E0 /* Resources */,
				CEE42B661DBA8C8200A042E0 /* DataService */,
				CEE42B651DBA8C7B00A042E0 /* Controller */,
				CEE42B641DBA8C7600A042E0 /* View */,
				CEE42B631DBA8C6900A042E0 /* Model */,
				CEE42B511DB9849500A042E0 /* Main.storyboard */,
				CEE42B561DB9849500A042E0 /* LaunchScreen.storyboard */,
			);
			path = TMCDataCenter;
			sourceTree = "<group>";
		};
		CEE42B631DBA8C6900A042E0 /* Model */ = {
			isa = PBXGroup;
			children = (
				CEE42B6A1DBA91A500A042E0 /* Constants.swift */,
				CEE492F11DBB9DAF00D310B3 /* Utilities.swift */,
			);
			name = Model;
			sourceTree = "<group>";
		};
		CEE42B641DBA8C7600A042E0 /* View */ = {
			isa = PBXGroup;
			children = (
			);
			name = View;
			sourceTree = "<group>";
		};
		CEE42B651DBA8C7B00A042E0 /* Controller */ = {
			isa = PBXGroup;
			children = (
				CEE42B611DBA5A4800A042E0 /* VehicleDetailVC.swift */,
				CEE42B4F1DB9849500A042E0 /* LoginVC.swift */,
				CEE42B681DBA8CFC00A042E0 /* NewCustomerVC.swift */,
			);
			name = Controller;
			sourceTree = "<group>";
		};
		CEE42B661DBA8C8200A042E0 /* DataService */ = {
			isa = PBXGroup;
			children = (
				CEE492F31DBBA4B900D310B3 /* DataService.swift */,
			);
			name = DataService;
			sourceTree = "<group>";
		};
		CEE42B671DBA8C8A00A042E0 /* Resources */ = {
			isa = PBXGroup;
			children = (
				CEE42B5F1DB984C800A042E0 /* GoogleService-Info.plist */,
				CEE42B591DB9849500A042E0 /* Info.plist */,
				CEE42B541DB9849500A042E0 /* Assets.xcassets */,
				CEE42B4D1DB9849500A042E0 /* AppDelegate.swift */,
			);
			name = Resources;
			sourceTree = "<group>";
		};
/* End PBXGroup section */

/* Begin PBXNativeTarget section */
		CEE42B491DB9849500A042E0 /* TMCDataCenter */ = {
			isa = PBXNativeTarget;
			buildConfigurationList = CEE42B5C1DB9849500A042E0 /* Build configuration list for PBXNativeTarget "TMCDataCenter" */;
			buildPhases = (
				EDC978E088A2B6599EDAECBB /* [CP] Check Pods Manifest.lock */,
				CEE42B461DB9849500A042E0 /* Sources */,
				CEE42B471DB9849500A042E0 /* Frameworks */,
				CEE42B481DB9849500A042E0 /* Resources */,
				BADD0E3CAD7AEFE4641A780D /* [CP] Embed Pods Frameworks */,
				7BE21909BF135546D173A1A1 /* [CP] Copy Pods Resources */,
			);
			buildRules = (
			);
			dependencies = (
			);
			name = TMCDataCenter;
			productName = TMCDataCenter;
			productReference = CEE42B4A1DB9849500A042E0 /* TMCDataCenter.app */;
			productType = "com.apple.product-type.application";
		};
/* End PBXNativeTarget section */

/* Begin PBXProject section */
		CEE42B421DB9849500A042E0 /* Project object */ = {
			isa = PBXProject;
			attributes = {
				LastSwiftUpdateCheck = 0800;
				LastUpgradeCheck = 0800;
				ORGANIZATIONNAME = "Michael C";
				TargetAttributes = {
					CEE42B491DB9849500A042E0 = {
						CreatedOnToolsVersion = 8.0;
						DevelopmentTeam = HU5DXHAA5H;
						ProvisioningStyle = Automatic;
					};
				};
			};
			buildConfigurationList = CEE42B451DB9849500A042E0 /* Build configuration list for PBXProject "TMCDataCenter" */;
			compatibilityVersion = "Xcode 3.2";
			developmentRegion = English;
			hasScannedForEncodings = 0;
			knownRegions = (
				en,
				Base,
			);
			mainGroup = CEE42B411DB9849500A042E0;
			productRefGroup = CEE42B4B1DB9849500A042E0 /* Products */;
			projectDirPath = "";
			projectRoot = "";
			targets = (
				CEE42B491DB9849500A042E0 /* TMCDataCenter */,
			);
		};
/* End PBXProject section */

/* Begin PBXResourcesBuildPhase section */
		CEE42B481DB9849500A042E0 /* Resources */ = {
			isa = PBXResourcesBuildPhase;
			buildActionMask = 2147483647;
			files = (
				CEE42B581DB9849500A042E0 /* LaunchScreen.storyboard in Resources */,
				CEE42B551DB9849500A042E0 /* Assets.xcassets in Resources */,
				CEE42B531DB9849500A042E0 /* Main.storyboard in Resources */,
				CEE42B601DB984C800A042E0 /* GoogleService-Info.plist in Resources */,
			);
			runOnlyForDeploymentPostprocessing = 0;
		};
/* End PBXResourcesBuildPhase section */

/* Begin PBXShellScriptBuildPhase section */
		7BE21909BF135546D173A1A1 /* [CP] Copy Pods Resources */ = {
			isa = PBXShellScriptBuildPhase;
			buildActionMask = 2147483647;
			files = (
			);
			inputPaths = (
			);
			name = "[CP] Copy Pods Resources";
			outputPaths = (
			);
			runOnlyForDeploymentPostprocessing = 0;
			shellPath = /bin/sh;
			shellScript = "\"${SRCROOT}/Pods/Target Support Files/Pods-TMCDataCenter/Pods-TMCDataCenter-resources.sh\"\n";
			showEnvVarsInLog = 0;
		};
		BADD0E3CAD7AEFE4641A780D /* [CP] Embed Pods Frameworks */ = {
			isa = PBXShellScriptBuildPhase;
			buildActionMask = 2147483647;
			files = (
			);
			inputPaths = (
			);
			name = "[CP] Embed Pods Frameworks";
			outputPaths = (
			);
			runOnlyForDeploymentPostprocessing = 0;
			shellPath = /bin/sh;
			shellScript = "\"${SRCROOT}/Pods/Target Support Files/Pods-TMCDataCenter/Pods-TMCDataCenter-frameworks.sh\"\n";
			showEnvVarsInLog = 0;
		};
		EDC978E088A2B6599EDAECBB /* [CP] Check Pods Manifest.lock */ = {
			isa = PBXShellScriptBuildPhase;
			buildActionMask = 2147483647;
			files = (
			);
			inputPaths = (
			);
			name = "[CP] Check Pods Manifest.lock";
			outputPaths = (
			);
			runOnlyForDeploymentPostprocessing = 0;
			shellPath = /bin/sh;
			shellScript = "diff \"${PODS_ROOT}/../Podfile.lock\" \"${PODS_ROOT}/Manifest.lock\" > /dev/null\nif [[ $? != 0 ]] ; then\n    cat << EOM\nerror: The sandbox is not in sync with the Podfile.lock. Run 'pod install' or update your CocoaPods installation.\nEOM\n    exit 1\nfi\n";
			showEnvVarsInLog = 0;
		};
/* End PBXShellScriptBuildPhase section */

/* Begin PBXSourcesBuildPhase section */
		CEE42B461DB9849500A042E0 /* Sources */ = {
			isa = PBXSourcesBuildPhase;
			buildActionMask = 2147483647;
			files = (
				CEE492F21DBB9DAF00D310B3 /* Utilities.swift in Sources */,
				CEE492F41DBBA4B900D310B3 /* DataService.swift in Sources */,
				CEE42B6B1DBA91A500A042E0 /* Constants.swift in Sources */,
				CEE42B501DB9849500A042E0 /* LoginVC.swift in Sources */,
				CEE42B621DBA5A4800A042E0 /* VehicleDetailVC.swift in Sources */,
				CEE42B4E1DB9849500A042E0 /* AppDelegate.swift in Sources */,
				CEE42B691DBA8CFC00A042E0 /* NewCustomerVC.swift in Sources */,
			);
			runOnlyForDeploymentPostprocessing = 0;
		};
/* End PBXSourcesBuildPhase section */

/* Begin PBXVariantGroup section */
		CEE42B511DB9849500A042E0 /* Main.storyboard */ = {
			isa = PBXVariantGroup;
			children = (
				CEE42B521DB9849500A042E0 /* Base */,
			);
			name = Main.storyboard;
			sourceTree = "<group>";
		};
		CEE42B561DB9849500A042E0 /* LaunchScreen.storyboard */ = {
			isa = PBXVariantGroup;
			children = (
				CEE42B571DB9849500A042E0 /* Base */,
			);
			name = LaunchScreen.storyboard;
			sourceTree = "<group>";
		};
/* End PBXVariantGroup section */

/* Begin XCBuildConfiguration section */
		CEE42B5A1DB9849500A042E0 /* Debug */ = {
			isa = XCBuildConfiguration;
			buildSettings = {
				ALWAYS_SEARCH_USER_PATHS = NO;
				CLANG_ANALYZER_NONNULL = YES;
				CLANG_CXX_LANGUAGE_STANDARD = "gnu++0x";
				CLANG_CXX_LIBRARY = "libc++";
				CLANG_ENABLE_MODULES = YES;
				CLANG_ENABLE_OBJC_ARC = YES;
				CLANG_WARN_BOOL_CONVERSION = YES;
				CLANG_WARN_CONSTANT_CONVERSION = YES;
				CLANG_WARN_DIRECT_OBJC_ISA_USAGE = YES_ERROR;
				CLANG_WARN_DOCUMENTATION_COMMENTS = YES;
				CLANG_WARN_EMPTY_BODY = YES;
				CLANG_WARN_ENUM_CONVERSION = YES;
				CLANG_WARN_INFINITE_RECURSION = YES;
				CLANG_WARN_INT_CONVERSION = YES;
				CLANG_WARN_OBJC_ROOT_CLASS = YES_ERROR;
				CLANG_WARN_SUSPICIOUS_MOVES = YES;
				CLANG_WARN_UNREACHABLE_CODE = YES;
				CLANG_WARN__DUPLICATE_METHOD_MATCH = YES;
				"CODE_SIGN_IDENTITY[sdk=iphoneos*]" = "iPhone Developer";
				COPY_PHASE_STRIP = NO;
				DEBUG_INFORMATION_FORMAT = dwarf;
				ENABLE_STRICT_OBJC_MSGSEND = YES;
				ENABLE_TESTABILITY = YES;
				GCC_C_LANGUAGE_STANDARD = gnu99;
				GCC_DYNAMIC_NO_PIC = NO;
				GCC_NO_COMMON_BLOCKS = YES;
				GCC_OPTIMIZATION_LEVEL = 0;
				GCC_PREPROCESSOR_DEFINITIONS = (
					"DEBUG=1",
					"$(inherited)",
				);
				GCC_WARN_64_TO_32_BIT_CONVERSION = YES;
				GCC_WARN_ABOUT_RETURN_TYPE = YES_ERROR;
				GCC_WARN_UNDECLARED_SELECTOR = YES;
				GCC_WARN_UNINITIALIZED_AUTOS = YES_AGGRESSIVE;
				GCC_WARN_UNUSED_FUNCTION = YES;
				GCC_WARN_UNUSED_VARIABLE = YES;
				IPHONEOS_DEPLOYMENT_TARGET = 10.0;
				MTL_ENABLE_DEBUG_INFO = YES;
				ONLY_ACTIVE_ARCH = YES;
				SDKROOT = iphoneos;
				SWIFT_ACTIVE_COMPILATION_CONDITIONS = DEBUG;
				SWIFT_OPTIMIZATION_LEVEL = "-Onone";
				TARGETED_DEVICE_FAMILY = "1,2";
			};
			name = Debug;
		};
		CEE42B5B1DB9849500A042E0 /* Release */ = {
			isa = XCBuildConfiguration;
			buildSettings = {
				ALWAYS_SEARCH_USER_PATHS = NO;
				CLANG_ANALYZER_NONNULL = YES;
				CLANG_CXX_LANGUAGE_STANDARD = "gnu++0x";
				CLANG_CXX_LIBRARY = "libc++";
				CLANG_ENABLE_MODULES = YES;
				CLANG_ENABLE_OBJC_ARC = YES;
				CLANG_WARN_BOOL_CONVERSION = YES;
				CLANG_WARN_CONSTANT_CONVERSION = YES;
				CLANG_WARN_DIRECT_OBJC_ISA_USAGE = YES_ERROR;
				CLANG_WARN_DOCUMENTATION_COMMENTS = YES;
				CLANG_WARN_EMPTY_BODY = YES;
				CLANG_WARN_ENUM_CONVERSION = YES;
				CLANG_WARN_INFINITE_RECURSION = YES;
				CLANG_WARN_INT_CONVERSION = YES;
				CLANG_WARN_OBJC_ROOT_CLASS = YES_ERROR;
				CLANG_WARN_SUSPICIOUS_MOVES = YES;
				CLANG_WARN_UNREACHABLE_CODE = YES;
				CLANG_WARN__DUPLICATE_METHOD_MATCH = YES;
				"CODE_SIGN_IDENTITY[sdk=iphoneos*]" = "iPhone Developer";
				COPY_PHASE_STRIP = NO;
				DEBUG_INFORMATION_FORMAT = "dwarf-with-dsym";
				ENABLE_NS_ASSERTIONS = NO;
				ENABLE_STRICT_OBJC_MSGSEND = YES;
				GCC_C_LANGUAGE_STANDARD = gnu99;
				GCC_NO_COMMON_BLOCKS = YES;
				GCC_WARN_64_TO_32_BIT_CONVERSION = YES;
				GCC_WARN_ABOUT_RETURN_TYPE = YES_ERROR;
				GCC_WARN_UNDECLARED_SELECTOR = YES;
				GCC_WARN_UNINITIALIZED_AUTOS = YES_AGGRESSIVE;
				GCC_WARN_UNUSED_FUNCTION = YES;
				GCC_WARN_UNUSED_VARIABLE = YES;
				IPHONEOS_DEPLOYMENT_TARGET = 10.0;
				MTL_ENABLE_DEBUG_INFO = NO;
				SDKROOT = iphoneos;
				SWIFT_OPTIMIZATION_LEVEL = "-Owholemodule";
				TARGETED_DEVICE_FAMILY = "1,2";
				VALIDATE_PRODUCT = YES;
			};
			name = Release;
		};
		CEE42B5D1DB9849500A042E0 /* Debug */ = {
			isa = XCBuildConfiguration;
			baseConfigurationReference = 13D0B68807843209D503F871 /* Pods-TMCDataCenter.debug.xcconfig */;
			buildSettings = {
				ASSETCATALOG_COMPILER_APPICON_NAME = AppIcon;
				DEVELOPMENT_TEAM = HU5DXHAA5H;
				INFOPLIST_FILE = TMCDataCenter/Info.plist;
				LD_RUNPATH_SEARCH_PATHS = "$(inherited) @executable_path/Frameworks";
				PRODUCT_BUNDLE_IDENTIFIER = com.fensterlabs.TMCDataCenter;
				PRODUCT_NAME = "$(TARGET_NAME)";
				SWIFT_VERSION = 3.0;
			};
			name = Debug;
		};
		CEE42B5E1DB9849500A042E0 /* Release */ = {
			isa = XCBuildConfiguration;
			baseConfigurationReference = C45F56DCB7BCB76F581DC508 /* Pods-TMCDataCenter.release.xcconfig */;
			buildSettings = {
				ASSETCATALOG_COMPILER_APPICON_NAME = AppIcon;
				DEVELOPMENT_TEAM = HU5DXHAA5H;
				INFOPLIST_FILE = TMCDataCenter/Info.plist;
				LD_RUNPATH_SEARCH_PATHS = "$(inherited) @executable_path/Frameworks";
				PRODUCT_BUNDLE_IDENTIFIER = com.fensterlabs.TMCDataCenter;
				PRODUCT_NAME = "$(TARGET_NAME)";
				SWIFT_VERSION = 3.0;
			};
			name = Release;
		};
/* End XCBuildConfiguration section */

/* Begin XCConfigurationList section */
		CEE42B451DB9849500A042E0 /* Build configuration list for PBXProject "TMCDataCenter" */ = {
			isa = XCConfigurationList;
			buildConfigurations = (
				CEE42B5A1DB9849500A042E0 /* Debug */,
				CEE42B5B1DB9849500A042E0 /* Release */,
			);
			defaultConfigurationIsVisible = 0;
			defaultConfigurationName = Release;
		};
		CEE42B5C1DB9849500A042E0 /* Build configuration list for PBXNativeTarget "TMCDataCenter" */ = {
			isa = XCConfigurationList;
			buildConfigurations = (
				CEE42B5D1DB9849500A042E0 /* Debug */,
				CEE42B5E1DB9849500A042E0 /* Release */,
			);
			defaultConfigurationIsVisible = 0;
			defaultConfigurationName = Release;
		};
/* End XCConfigurationList section */
	};
	rootObject = CEE42B421DB9849500A042E0 /* Project object */;
}
